// !$*UTF8*$!
{
	archiveVersion = 1;
	classes = {
	};
	objectVersion = 77;
	objects = {

/* Begin PBXContainerItemProxy section */
		4D2FF0192FCE2AA4009089FB /* PBXContainerItemProxy */ = {
			isa = PBXContainerItemProxy;
			containerPortal = 4D2FF0032FCE2AA3009089FB /* Project object */;
			proxyType = 1;
			remoteGlobalIDString = 4D2FF00A2FCE2AA3009089FB;
			remoteInfo = MaquinaInfo;
		};
		4D2FF0232FCE2AA4009089FB /* PBXContainerItemProxy */ = {
			isa = PBXContainerItemProxy;
			containerPortal = 4D2FF0032FCE2AA3009089FB /* Project object */;
			proxyType = 1;
			remoteGlobalIDString = 4D2FF00A2FCE2AA3009089FB;
			remoteInfo = MaquinaInfo;
		};
/* End PBXContainerItemProxy section */

/* Begin PBXFileReference section */
		4D2FF00B2FCE2AA3009089FB /* MaquinaInfo.app */ = {isa = PBXFileReference; explicitFileType = wrapper.application; includeInIndex = 0; path = MaquinaInfo.app; sourceTree = BUILT_PRODUCTS_DIR; };
		4D2FF0182FCE2AA4009089FB /* MaquinaInfoTests.xctest */ = {isa = PBXFileReference; explicitFileType = wrapper.cfbundle; includeInIndex = 0; path = MaquinaInfoTests.xctest; sourceTree = BUILT_PRODUCTS_DIR; };
		4D2FF0222FCE2AA4009089FB /* MaquinaInfoUITests.xctest */ = {isa = PBXFileReference; explicitFileType = wrapper.cfbundle; includeInIndex = 0; path = MaquinaInfoUITests.xctest; sourceTree = BUILT_PRODUCTS_DIR; };
/* End PBXFileReference section */

/* Begin PBXFileSystemSynchronizedRootGroup section */
		4D2FF00D2FCE2AA3009089FB /* MaquinaInfo */ = {
			isa = PBXFileSystemSynchronizedRootGroup;
			path = MaquinaInfo;
			sourceTree = "<group>";
		};
		4D2FF01B2FCE2AA4009089FB /* MaquinaInfoTests */ = {
			isa = PBXFileSystemSynchronizedRootGroup;
			path = MaquinaInfoTests;
			sourceTree = "<group>";
		};
		4D2FF0252FCE2AA4009089FB /* MaquinaInfoUITests */ = {
			isa = PBXFileSystemSynchronizedRootGroup;
			path = MaquinaInfoUITests;
			sourceTree = "<group>";
		};
/* End PBXFileSystemSynchronizedRootGroup section */

/* Begin PBXFrameworksBuildPhase section */
		4D2FF0082FCE2AA3009089FB /* Frameworks */ = {
			isa = PBXFrameworksBuildPhase;
			buildActionMask = 2147483647;
			files = (
			);
			runOnlyForDeploymentPostprocessing = 0;
		};
		4D2FF0152FCE2AA4009089FB /* Frameworks */ = {
			isa = PBXFrameworksBuildPhase;
			buildActionMask = 2147483647;
			files = (
			);
			runOnlyForDeploymentPostprocessing = 0;
		};
		4D2FF01F2FCE2AA4009089FB /* Frameworks */ = {
			isa = PBXFrameworksBuildPhase;
			buildActionMask = 2147483647;
			files = (
			);
			runOnlyForDeploymentPostprocessing = 0;
		};
/* End PBXFrameworksBuildPhase section */

/* Begin PBXGroup section */
		4D2FF0022FCE2AA3009089FB = {
			isa = PBXGroup;
			children = (
				4D2FF00D2FCE2AA3009089FB /* MaquinaInfo */,
				4D2FF01B2FCE2AA4009089FB /* MaquinaInfoTests */,
				4D2FF0252FCE2AA4009089FB /* MaquinaInfoUITests */,
				4D2FF00C2FCE2AA3009089FB /* Products */,
			);
			sourceTree = "<group>";
		};
		4D2FF00C2FCE2AA3009089FB /* Products */ = {
			isa = PBXGroup;
			children = (
				4D2FF00B2FCE2AA3009089FB /* MaquinaInfo.app */,
				4D2FF0182FCE2AA4009089FB /* MaquinaInfoTests.xctest */,
				4D2FF0222FCE2AA4009089FB /* MaquinaInfoUITests.xctest */,
			);
			name = Products;
			sourceTree = "<group>";
		};
/* End PBXGroup section */

/* Begin PBXNativeTarget section */
		4D2FF00A2FCE2AA3009089FB /* MaquinaInfo */ = {
			isa = PBXNativeTarget;
			buildConfigurationList = 4D2FF02C2FCE2AA4009089FB /* Build configuration list for PBXNativeTarget "MaquinaInfo" */;
			buildPhases = (
				4D2FF0072FCE2AA3009089FB /* Sources */,
				4D2FF0082FCE2AA3009089FB /* Frameworks */,
				4D2FF0092FCE2AA3009089FB /* Resources */,
			);
			buildRules = (
			);
			dependencies = (
			);
			fileSystemSynchronizedGroups = (
				4D2FF00D2FCE2AA3009089FB /* MaquinaInfo */,
			);
			name = MaquinaInfo;
			packageProductDependencies = (
			);
			productName = MaquinaInfo;
			productReference = 4D2FF00B2FCE2AA3009089FB /* MaquinaInfo.app */;
			productType = "com.apple.product-type.application";
		};
		4D2FF0172FCE2AA4009089FB /* MaquinaInfoTests */ = {
			isa = PBXNativeTarget;
			buildConfigurationList = 4D2FF02F2FCE2AA4009089FB /* Build configuration list for PBXNativeTarget "MaquinaInfoTests" */;
			buildPhases = (
				4D2FF0142FCE2AA4009089FB /* Sources */,
				4D2FF0152FCE2AA4009089FB /* Frameworks */,
				4D2FF0162FCE2AA4009089FB /* Resources */,
			);
			buildRules = (
			);
			dependencies = (
				4D2FF01A2FCE2AA4009089FB /* PBXTargetDependency */,
			);
			fileSystemSynchronizedGroups = (
				4D2FF01B2FCE2AA4009089FB /* MaquinaInfoTests */,
			);
			name = MaquinaInfoTests;
			packageProductDependencies = (
			);
			productName = MaquinaInfoTests;
			productReference = 4D2FF0182FCE2AA4009089FB /* MaquinaInfoTests.xctest */;
			productType = "com.apple.product-type.bundle.unit-test";
		};
		4D2FF0212FCE2AA4009089FB /* MaquinaInfoUITests */ = {
			isa = PBXNativeTarget;
			buildConfigurationList = 4D2FF0322FCE2AA4009089FB /* Build configuration list for PBXNativeTarget "MaquinaInfoUITests" */;
			buildPhases = (
				4D2FF01E2FCE2AA4009089FB /* Sources */,
				4D2FF01F2FCE2AA4009089FB /* Frameworks */,
				4D2FF0202FCE2AA4009089FB /* Resources */,
			);
			buildRules = (
			);
			dependencies = (
				4D2FF0242FCE2AA4009089FB /* PBXTargetDependency */,
			);
			fileSystemSynchronizedGroups = (
				4D2FF0252FCE2AA4009089FB /* MaquinaInfoUITests */,
			);
			name = MaquinaInfoUITests;
			packageProductDependencies = (
			);
			productName = MaquinaInfoUITests;
			productReference = 4D2FF0222FCE2AA4009089FB /* MaquinaInfoUITests.xctest */;
			productType = "com.apple.product-type.bundle.ui-testing";
		};
/* End PBXNativeTarget section */

/* Begin PBXProject section */
		4D2FF0032FCE2AA3009089FB /* Project object */ = {
			isa = PBXProject;
			attributes = {
				BuildIndependentTargetsInParallel = 1;
				LastSwiftUpdateCheck = 2650;
				LastUpgradeCheck = 2650;
				TargetAttributes = {
					4D2FF00A2FCE2AA3009089FB = {
						CreatedOnToolsVersion = 26.5;
					};
					4D2FF0172FCE2AA4009089FB = {
						CreatedOnToolsVersion = 26.5;
						TestTargetID = 4D2FF00A2FCE2AA3009089FB;
					};
					4D2FF0212FCE2AA4009089FB = {
						CreatedOnToolsVersion = 26.5;
						TestTargetID = 4D2FF00A2FCE2AA3009089FB;
					};
				};
			};
			buildConfigurationList = 4D2FF0062FCE2AA3009089FB /* Build configuration list for PBXProject "MaquinaInfo" */;
			developmentRegion = en;
			hasScannedForEncodings = 0;
			knownRegions = (
				en,
				Base,
			);
			mainGroup = 4D2FF0022FCE2AA3009089FB;
			minimizedProjectReferenceProxies = 1;
			preferredProjectObjectVersion = 77;
			productRefGroup = 4D2FF00C2FCE2AA3009089FB /* Products */;
			projectDirPath = "";
			projectRoot = "";
			targets = (
				4D2FF00A2FCE2AA3009089FB /* MaquinaInfo */,
				4D2FF0172FCE2AA4009089FB /* MaquinaInfoTests */,
				4D2FF0212FCE2AA4009089FB /* MaquinaInfoUITests */,
			);
		};
/* End PBXProject section */

/* Begin PBXResourcesBuildPhase section */
		4D2FF0092FCE2AA3009089FB /* Resources */ = {
			isa = PBXResourcesBuildPhase;
			buildActionMask = 2147483647;
			files = (
			);
			runOnlyForDeploymentPostprocessing = 0;
		};
		4D2FF0162FCE2AA4009089FB /* Resources */ = {
			isa = PBXResourcesBuildPhase;
			buildActionMask = 2147483647;
			files = (
			);
			runOnlyForDeploymentPostprocessing = 0;
		};
		4D2FF0202FCE2AA4009089FB /* Resources */ = {
			isa = PBXResourcesBuildPhase;
			buildActionMask = 2147483647;
			files = (
			);
			runOnlyForDeploymentPostprocessing = 0;
		};
/* End PBXResourcesBuildPhase section */

/* Begin PBXSourcesBuildPhase section */
		4D2FF0072FCE2AA3009089FB /* Sources */ = {
			isa = PBXSourcesBuildPhase;
			buildActionMask = 2147483647;
			files = (
			);
			runOnlyForDeploymentPostprocessing = 0;
		};
		4D2FF0142FCE2AA4009089FB /* Sources */ = {
			isa = PBXSourcesBuildPhase;
			buildActionMask = 2147483647;
			files = (
			);
			runOnlyForDeploymentPostprocessing = 0;
		};
		4D2FF01E2FCE2AA4009089FB /* Sources */ = {
			isa = PBXSourcesBuildPhase;
			buildActionMask = 2147483647;
			files = (
			);
			runOnlyForDeploymentPostprocessing = 0;
		};
/* End PBXSourcesBuildPhase section */

/* Begin PBXTargetDependency section */
		4D2FF01A2FCE2AA4009089FB /* PBXTargetDependency */ = {
			isa = PBXTargetDependency;
			target = 4D2FF00A2FCE2AA3009089FB /* MaquinaInfo */;
			targetProxy = 4D2FF0192FCE2AA4009089FB /* PBXContainerItemProxy */;
		};
		4D2FF0242FCE2AA4009089FB /* PBXTargetDependency */ = {
			isa = PBXTargetDependency;
			target = 4D2FF00A2FCE2AA3009089FB /* MaquinaInfo */;
			targetProxy = 4D2FF0232FCE2AA4009089FB /* PBXContainerItemProxy */;
		};
/* End PBXTargetDependency section */

/* Begin XCBuildConfiguration section */
		4D2FF02A2FCE2AA4009089FB /* Debug */ = {
			isa = XCBuildConfiguration;
			buildSettings = {
				ALWAYS_SEARCH_USER_PATHS = NO;
				ASSETCATALOG_COMPILER_GENERATE_SWIFT_ASSET_SYMBOL_EXTENSIONS = YES;
				CLANG_ANALYZER_NONNULL = YES;
				CLANG_ANALYZER_NUMBER_OBJECT_CONVERSION = YES_AGGRESSIVE;
				CLANG_CXX_LANGUAGE_STANDARD = "gnu++20";
				CLANG_ENABLE_MODULES = YES;
				CLANG_ENABLE_OBJC_ARC = YES;
				CLANG_ENABLE_OBJC_WEAK = YES;
				CLANG_WARN_BLOCK_CAPTURE_AUTORELEASING = YES;
				CLANG_WARN_BOOL_CONVERSION = YES;
				CLANG_WARN_COMMA = YES;
				CLANG_WARN_CONSTANT_CONVERSION = YES;
				CLANG_WARN_DEPRECATED_OBJC_IMPLEMENTATIONS = YES;
				CLANG_WARN_DIRECT_OBJC_ISA_USAGE = YES_ERROR;
				CLANG_WARN_DOCUMENTATION_COMMENTS = YES;
				CLANG_WARN_EMPTY_BODY = YES;
				CLANG_WARN_ENUM_CONVERSION = YES;
				CLANG_WARN_INFINITE_RECURSION = YES;
				CLANG_WARN_INT_CONVERSION = YES;
				CLANG_WARN_NON_LITERAL_NULL_CONVERSION = YES;
				CLANG_WARN_OBJC_IMPLICIT_RETAIN_SELF = YES;
				CLANG_WARN_OBJC_LITERAL_CONVERSION = YES;
				CLANG_WARN_OBJC_ROOT_CLASS = YES_ERROR;
				CLANG_WARN_QUOTED_INCLUDE_IN_FRAMEWORK_HEADER = YES;
				CLANG_WARN_RANGE_LOOP_ANALYSIS = YES;
				CLANG_WARN_STRICT_PROTOTYPES = YES;
				CLANG_WARN_SUSPICIOUS_MOVE = YES;
				CLANG_WARN_UNGUARDED_AVAILABILITY = YES_AGGRESSIVE;
				CLANG_WARN_UNREACHABLE_CODE = YES;
				CLANG_WARN__DUPLICATE_METHOD_MATCH = YES;
				COPY_PHASE_STRIP = NO;
				DEBUG_INFORMATION_FORMAT = dwarf;
				DEVELOPMENT_TEAM = FX8D276399;
				ENABLE_STRICT_OBJC_MSGSEND = YES;
				ENABLE_TESTABILITY = YES;
				ENABLE_USER_SCRIPT_SANDBOXING = YES;
				GCC_C_LANGUAGE_STANDARD = gnu17;
				GCC_DYNAMIC_NO_PIC = NO;
				GCC_NO_COMMON_BLOCKS = YES;
				GCC_OPTIMIZATION_LEVEL = 0;
				GCC_PREPROCESSOR_DEFINITIONS = (
					"DEBUG=1",
					"$(inherited)",
				);
				GCC_WARN_64_TO_32_BIT_CONVERSION = YES;
				GCC_WARN_ABOUT_RETURN_TYPE = YES_ERROR;
				GCC_WARN_UNDECLARED_SELECTOR = YES;
				GCC_WARN_UNINITIALIZED_AUTOS = YES_AGGRESSIVE;
				GCC_WARN_UNUSED_FUNCTION = YES;
				GCC_WARN_UNUSED_VARIABLE = YES;
				LOCALIZATION_PREFERS_STRING_CATALOGS = YES;
				MACOSX_DEPLOYMENT_TARGET = 26.5;
				MTL_ENABLE_DEBUG_INFO = INCLUDE_SOURCE;
				MTL_FAST_MATH = YES;
				ONLY_ACTIVE_ARCH = YES;
				SDKROOT = macosx;
				SWIFT_ACTIVE_COMPILATION_CONDITIONS = "DEBUG $(inherited)";
				SWIFT_OPTIMIZATION_LEVEL = "-Onone";
			};
			name = Debug;
		};
		4D2FF02B2FCE2AA4009089FB /* Release */ = {
			isa = XCBuildConfiguration;
			buildSettings = {
				ALWAYS_SEARCH_USER_PATHS = NO;
				ASSETCATALOG_COMPILER_GENERATE_SWIFT_ASSET_SYMBOL_EXTENSIONS = YES;
				CLANG_ANALYZER_NONNULL = YES;
				CLANG_ANALYZER_NUMBER_OBJECT_CONVERSION = YES_AGGRESSIVE;
				CLANG_CXX_LANGUAGE_STANDARD = "gnu++20";
				CLANG_ENABLE_MODULES = YES;
				CLANG_ENABLE_OBJC_ARC = YES;
				CLANG_ENABLE_OBJC_WEAK = YES;
				CLANG_WARN_BLOCK_CAPTURE_AUTORELEASING = YES;
				CLANG_WARN_BOOL_CONVERSION = YES;
				CLANG_WARN_COMMA = YES;
				CLANG_WARN_CONSTANT_CONVERSION = YES;
				CLANG_WARN_DEPRECATED_OBJC_IMPLEMENTATIONS = YES;
				CLANG_WARN_DIRECT_OBJC_ISA_USAGE = YES_ERROR;
				CLANG_WARN_DOCUMENTATION_COMMENTS = YES;
				CLANG_WARN_EMPTY_BODY = YES;
				CLANG_WARN_ENUM_CONVERSION = YES;
				CLANG_WARN_INFINITE_RECURSION = YES;
				CLANG_WARN_INT_CONVERSION = YES;
				CLANG_WARN_NON_LITERAL_NULL_CONVERSION = YES;
				CLANG_WARN_OBJC_IMPLICIT_RETAIN_SELF = YES;
				CLANG_WARN_OBJC_LITERAL_CONVERSION = YES;
				CLANG_WARN_OBJC_ROOT_CLASS = YES_ERROR;
				CLANG_WARN_QUOTED_INCLUDE_IN_FRAMEWORK_HEADER = YES;
				CLANG_WARN_RANGE_LOOP_ANALYSIS = YES;
				CLANG_WARN_STRICT_PROTOTYPES = YES;
				CLANG_WARN_SUSPICIOUS_MOVE = YES;
				CLANG_WARN_UNGUARDED_AVAILABILITY = YES_AGGRESSIVE;
				CLANG_WARN_UNREACHABLE_CODE = YES;
				CLANG_WARN__DUPLICATE_METHOD_MATCH = YES;
				COPY_PHASE_STRIP = NO;
				DEBUG_INFORMATION_FORMAT = "dwarf-with-dsym";
				DEVELOPMENT_TEAM = FX8D276399;
				ENABLE_NS_ASSERTIONS = NO;
				ENABLE_STRICT_OBJC_MSGSEND = YES;
				ENABLE_USER_SCRIPT_SANDBOXING = YES;
				GCC_C_LANGUAGE_STANDARD = gnu17;
				GCC_NO_COMMON_BLOCKS = YES;
				GCC_WARN_64_TO_32_BIT_CONVERSION = YES;
				GCC_WARN_ABOUT_RETURN_TYPE = YES_ERROR;
				GCC_WARN_UNDECLARED_SELECTOR = YES;
				GCC_WARN_UNINITIALIZED_AUTOS = YES_AGGRESSIVE;
				GCC_WARN_UNUSED_FUNCTION = YES;
				GCC_WARN_UNUSED_VARIABLE = YES;
				LOCALIZATION_PREFERS_STRING_CATALOGS = YES;
				MACOSX_DEPLOYMENT_TARGET = 26.5;
				MTL_ENABLE_DEBUG_INFO = NO;
				MTL_FAST_MATH = YES;
				SDKROOT = macosx;
				SWIFT_COMPILATION_MODE = wholemodule;
			};
			name = Release;
		};
		4D2FF02D2FCE2AA4009089FB /* Debug */ = {
			isa = XCBuildConfiguration;
			buildSettings = {
				ASSETCATALOG_COMPILER_APPICON_NAME = AppIcon;
				ASSETCATALOG_COMPILER_GLOBAL_ACCENT_COLOR_NAME = AccentColor;
				CODE_SIGN_STYLE = Automatic;
				COMBINE_HIDPI_IMAGES = YES;
				CURRENT_PROJECT_VERSION = 3;
				DEVELOPMENT_TEAM = FX8D276399;
				CODE_SIGN_ENTITLEMENTS = MaquinaInfo/MaquinaInfo.entitlements;
				ENABLE_APP_SANDBOX = YES;
				ENABLE_HARDENED_RUNTIME = YES;
				ENABLE_PREVIEWS = YES;
				ENABLE_USER_SELECTED_FILES = readwrite;
				GENERATE_INFOPLIST_FILE = YES;
				INFOPLIST_KEY_NSHumanReadableCopyright = "";
				LD_RUNPATH_SEARCH_PATHS = (
					"$(inherited)",
					"@executable_path/../Frameworks",
				);
				MACOSX_DEPLOYMENT_TARGET = 26.0;
				MARKETING_VERSION = 1.0.2;
				PRODUCT_BUNDLE_IDENTIFIER = com.rutainternet.MaquinaInfo;
				PRODUCT_NAME = "$(TARGET_NAME)";
				REGISTER_APP_GROUPS = YES;
				STRING_CATALOG_GENERATE_SYMBOLS = YES;
				SWIFT_APPROACHABLE_CONCURRENCY = YES;
				SWIFT_DEFAULT_ACTOR_ISOLATION = MainActor;
				SWIFT_EMIT_LOC_STRINGS = YES;
				SWIFT_UPCOMING_FEATURE_MEMBER_IMPORT_VISIBILITY = YES;
				SWIFT_VERSION = 5.0;
			};
			name = Debug;
		};
		4D2FF02E2FCE2AA4009089FB /* Release */ = {
			isa = XCBuildConfiguration;
			buildSettings = {
				ASSETCATALOG_COMPILER_APPICON_NAME = AppIcon;
				ASSETCATALOG_COMPILER_GLOBAL_ACCENT_COLOR_NAME = AccentColor;
				CODE_SIGN_STYLE = Automatic;
				COMBINE_HIDPI_IMAGES = YES;
				CURRENT_PROJECT_VERSION = 3;
				DEVELOPMENT_TEAM = FX8D276399;
				CODE_SIGN_ENTITLEMENTS = MaquinaInfo/MaquinaInfo.entitlements;
				ENABLE_APP_SANDBOX = YES;
				ENABLE_HARDENED_RUNTIME = YES;
				ENABLE_PREVIEWS = YES;
				ENABLE_USER_SELECTED_FILES = readwrite;
				GENERATE_INFOPLIST_FILE = YES;
				INFOPLIST_KEY_NSHumanReadableCopyright = "";
				LD_RUNPATH_SEARCH_PATHS = (
					"$(inherited)",
					"@executable_path/../Frameworks",
				);
				MACOSX_DEPLOYMENT_TARGET = 26.0;
				MARKETING_VERSION = 1.0.2;
				PRODUCT_BUNDLE_IDENTIFIER = com.rutainternet.MaquinaInfo;
				PRODUCT_NAME = "$(TARGET_NAME)";
				REGISTER_APP_GROUPS = YES;
				STRING_CATALOG_GENERATE_SYMBOLS = YES;
				SWIFT_APPROACHABLE_CONCURRENCY = YES;
				SWIFT_DEFAULT_ACTOR_ISOLATION = MainActor;
				SWIFT_EMIT_LOC_STRINGS = YES;
				SWIFT_UPCOMING_FEATURE_MEMBER_IMPORT_VISIBILITY = YES;
				SWIFT_VERSION = 5.0;
			};
			name = Release;
		};
		4D2FF0302FCE2AA4009089FB /* Debug */ = {
			isa = XCBuildConfiguration;
			buildSettings = {
				BUNDLE_LOADER = "$(TEST_HOST)";
				CODE_SIGN_STYLE = Automatic;
				CURRENT_PROJECT_VERSION = 3;
				DEVELOPMENT_TEAM = FX8D276399;
				GENERATE_INFOPLIST_FILE = YES;
				MACOSX_DEPLOYMENT_TARGET = 26.0;
				MARKETING_VERSION = 1.0.2;
				PRODUCT_BUNDLE_IDENTIFIER = com.rutainternet.MaquinaInfoTests;
				PRODUCT_NAME = "$(TARGET_NAME)";
				STRING_CATALOG_GENERATE_SYMBOLS = NO;
				SWIFT_APPROACHABLE_CONCURRENCY = YES;
				SWIFT_EMIT_LOC_STRINGS = NO;
				SWIFT_UPCOMING_FEATURE_MEMBER_IMPORT_VISIBILITY = YES;
				SWIFT_VERSION = 5.0;
				TEST_HOST = "$(BUILT_PRODUCTS_DIR)/MaquinaInfo.app/$(BUNDLE_EXECUTABLE_FOLDER_PATH)/MaquinaInfo";
			};
			name = Debug;
		};
		4D2FF0312FCE2AA4009089FB /* Release */ = {
			isa = XCBuildConfiguration;
			buildSettings = {
				BUNDLE_LOADER = "$(TEST_HOST)";
				CODE_SIGN_STYLE = Automatic;
				CURRENT_PROJECT_VERSION = 3;
				DEVELOPMENT_TEAM = FX8D276399;
				GENERATE_INFOPLIST_FILE = YES;
				MACOSX_DEPLOYMENT_TARGET = 26.0;
				MARKETING_VERSION = 1.0.2;
				PRODUCT_BUNDLE_IDENTIFIER = com.rutainternet.MaquinaInfoTests;
				PRODUCT_NAME = "$(TARGET_NAME)";
				STRING_CATALOG_GENERATE_SYMBOLS = NO;
				SWIFT_APPROACHABLE_CONCURRENCY = YES;
				SWIFT_EMIT_LOC_STRINGS = NO;
				SWIFT_UPCOMING_FEATURE_MEMBER_IMPORT_VISIBILITY = YES;
				SWIFT_VERSION = 5.0;
				TEST_HOST = "$(BUILT_PRODUCTS_DIR)/MaquinaInfo.app/$(BUNDLE_EXECUTABLE_FOLDER_PATH)/MaquinaInfo";
			};
			name = Release;
		};
		4D2FF0332FCE2AA4009089FB /* Debug */ = {
			isa = XCBuildConfiguration;
			buildSettings = {
				CODE_SIGN_STYLE = Automatic;
				CURRENT_PROJECT_VERSION = 3;
				DEVELOPMENT_TEAM = FX8D276399;
				GENERATE_INFOPLIST_FILE = YES;
				MACOSX_DEPLOYMENT_TARGET = 26.0;
				MARKETING_VERSION = 1.0.2;
				PRODUCT_BUNDLE_IDENTIFIER = com.rutainternet.MaquinaInfoUITests;
				PRODUCT_NAME = "$(TARGET_NAME)";
				STRING_CATALOG_GENERATE_SYMBOLS = NO;
				SWIFT_APPROACHABLE_CONCURRENCY = YES;
				SWIFT_EMIT_LOC_STRINGS = NO;
				SWIFT_UPCOMING_FEATURE_MEMBER_IMPORT_VISIBILITY = YES;
				SWIFT_VERSION = 5.0;
				TEST_TARGET_NAME = MaquinaInfo;
			};
			name = Debug;
		};
		4D2FF0342FCE2AA4009089FB /* Release */ = {
			isa = XCBuildConfiguration;
			buildSettings = {
				CODE_SIGN_STYLE = Automatic;
				CURRENT_PROJECT_VERSION = 3;
				DEVELOPMENT_TEAM = FX8D276399;
				GENERATE_INFOPLIST_FILE = YES;
				MACOSX_DEPLOYMENT_TARGET = 26.0;
				MARKETING_VERSION = 1.0.2;
				PRODUCT_BUNDLE_IDENTIFIER = com.rutainternet.MaquinaInfoUITests;
				PRODUCT_NAME = "$(TARGET_NAME)";
				STRING_CATALOG_GENERATE_SYMBOLS = NO;
				SWIFT_APPROACHABLE_CONCURRENCY = YES;
				SWIFT_EMIT_LOC_STRINGS = NO;
				SWIFT_UPCOMING_FEATURE_MEMBER_IMPORT_VISIBILITY = YES;
				SWIFT_VERSION = 5.0;
				TEST_TARGET_NAME = MaquinaInfo;
			};
			name = Release;
		};
/* End XCBuildConfiguration section */

/* Begin XCConfigurationList section */
		4D2FF0062FCE2AA3009089FB /* Build configuration list for PBXProject "MaquinaInfo" */ = {
			isa = XCConfigurationList;
			buildConfigurations = (
				4D2FF02A2FCE2AA4009089FB /* Debug */,
				4D2FF02B2FCE2AA4009089FB /* Release */,
			);
			defaultConfigurationIsVisible = 0;
			defaultConfigurationName = Release;
		};
		4D2FF02C2FCE2AA4009089FB /* Build configuration list for PBXNativeTarget "MaquinaInfo" */ = {
			isa = XCConfigurationList;
			buildConfigurations = (
				4D2FF02D2FCE2AA4009089FB /* Debug */,
				4D2FF02E2FCE2AA4009089FB /* Release */,
			);
			defaultConfigurationIsVisible = 0;
			defaultConfigurationName = Release;
		};
		4D2FF02F2FCE2AA4009089FB /* Build configuration list for PBXNativeTarget "MaquinaInfoTests" */ = {
			isa = XCConfigurationList;
			buildConfigurations = (
				4D2FF0302FCE2AA4009089FB /* Debug */,
				4D2FF0312FCE2AA4009089FB /* Release */,
			);
			defaultConfigurationIsVisible = 0;
			defaultConfigurationName = Release;
		};
		4D2FF0322FCE2AA4009089FB /* Build configuration list for PBXNativeTarget "MaquinaInfoUITests" */ = {
			isa = XCConfigurationList;
			buildConfigurations = (
				4D2FF0332FCE2AA4009089FB /* Debug */,
				4D2FF0342FCE2AA4009089FB /* Release */,
			);
			defaultConfigurationIsVisible = 0;
			defaultConfigurationName = Release;
		};
/* End XCConfigurationList section */
	};
	rootObject = 4D2FF0032FCE2AA3009089FB /* Project object */;
}
